
Microsoft Visual Studio Solution File, Format Version 12.00
# Visual Studio 15
VisualStudioVersion = 15.0.28307.421
MinimumVisualStudioVersion = 10.0.40219.1
Project("{FAE04EC0-301F-11D3-BF4B-00C04F79EFBC}") = "VariasString", "VariasString\VariasString.csproj", "{F95275B6-3933-48EF-8F53-1C84571D7E73}"
EndProject
Project("{FAE04EC0-301F-11D3-BF4B-00C04F79EFBC}") = "Cilindro", "Cilindro\Cilindro.csproj", "{BB2AF68A-1B6A-45D4-A2AC-0351A96C0B22}"
EndProject
Project("{FAE04EC0-301F-11D3-BF4B-00C04F79EFBC}") = "ValoresEspeciais", "ValoresEspeciais\ValoresEspeciais.csproj", "{A544A0E3-FAF3-4238-8E5F-B185F0826E71}"
EndProject
Global
	GlobalSection(SolutionConfigurationPlatforms) = preSolution
		Debug|Any CPU = Debug|Any CPU
		Release|Any CPU = Release|Any CPU
	EndGlobalSection
	GlobalSection(ProjectConfigurationPlatforms) = postSolution
		{F95275B6-3933-48EF-8F53-1C84571D7E73}.Debug|Any CPU.ActiveCfg = Debug|Any CPU
		{F95275B6-3933-48EF-8F53-1C84571D7E73}.Debug|Any CPU.Build.0 = Debug|Any CPU
		{F95275B6-3933-48EF-8F53-1C84571D7E73}.Release|Any CPU.ActiveCfg = Release|Any CPU
		{F95275B6-3933-48EF-8F53-1C84571D7E73}.Release|Any CPU.Build.0 = Release|Any CPU
		{BB2AF68A-1B6A-45D4-A2AC-0351A96C0B22}.Debug|Any CPU.ActiveCfg = Debug|Any CPU
		{BB2AF68A-1B6A-45D4-A2AC-0351A96C0B22}.Debug|Any CPU.Build.0 = Debug|Any CPU
		{BB2AF68A-1B6A-45D4-A2AC-0351A96C0B22}.Release|Any CPU.ActiveCfg = Release|Any CPU
		{BB2AF68A-1B6A-45D4-A2AC-0351A96C0B22}.Release|Any CPU.Build.0 = Release|Any CPU
		{A544A0E3-FAF3-4238-8E5F-B185F0826E71}.Debug|Any CPU.ActiveCfg = Debug|Any CPU
		{A544A0E3-FAF3-4238-8E5F-B185F0826E71}.Debug|Any CPU.Build.0 = Debug|Any CPU
		{A544A0E3-FAF3-4238-8E5F-B185F0826E71}.Release|Any CPU.ActiveCfg = Release|Any CPU
		{A544A0E3-FAF3-4238-8E5F-B185F0826E71}.Release|Any CPU.Build.0 = Release|Any CPU
	EndGlobalSection
	GlobalSection(SolutionProperties) = preSolution
		HideSolutionNode = FALSE
	EndGlobalSection
	GlobalSection(ExtensibilityGlobals) = postSolution
		SolutionGuid = {5D250C93-DF03-411A-9057-C95720843FA2}
	EndGlobalSection
EndGlobal
